// !$*UTF8*$!
{
	archiveVersion = 1;
	classes = {
	};
	objectVersion = 48;
	objects = {

/* Begin PBXBuildFile section */
		A6FDDEFA200808FF00F7EFDD /* AppDelegate.swift in Sources */ = {isa = PBXBuildFile; fileRef = A6FDDEF9200808FF00F7EFDD /* AppDelegate.swift */; };
		A6FDDEFC200808FF00F7EFDD /* ViewController.swift in Sources */ = {isa = PBXBuildFile; fileRef = A6FDDEFB200808FF00F7EFDD /* ViewController.swift */; };
		A6FDDEFF200808FF00F7EFDD /* Main.storyboard in Resources */ = {isa = PBXBuildFile; fileRef = A6FDDEFD200808FF00F7EFDD /* Main.storyboard */; };
		A6FDDF01200808FF00F7EFDD /* Assets.xcassets in Resources */ = {isa = PBXBuildFile; fileRef = A6FDDF00200808FF00F7EFDD /* Assets.xcassets */; };
		A6FDDF04200808FF00F7EFDD /* LaunchScreen.storyboard in Resources */ = {isa = PBXBuildFile; fileRef = A6FDDF02200808FF00F7EFDD /* LaunchScreen.storyboard */; };
/* End PBXBuildFile section */

/* Begin PBXFileReference section */
		A6FDDEF6200808FF00F7EFDD /* map-town.app */ = {isa = PBXFileReference; explicitFileType = wrapper.application; includeInIndex = 0; path = "map-town.app"; sourceTree = BUILT_PRODUCTS_DIR; };
		A6FDDEF9200808FF00F7EFDD /* AppDelegate.swift */ = {isa = PBXFileReference; lastKnownFileType = sourcecode.swift; path = AppDelegate.swift; sourceTree = "<group>"; };
		A6FDDEFB200808FF00F7EFDD /* ViewController.swift */ = {isa = PBXFileReference; lastKnownFileType = sourcecode.swift; path = ViewController.swift; sourceTree = "<group>"; };
		A6FDDEFE200808FF00F7EFDD /* Base */ = {isa = PBXFileReference; lastKnownFileType = file.storyboard; name = Base; path = Base.lproj/Main.storyboard; sourceTree = "<group>"; };
		A6FDDF00200808FF00F7EFDD /* Assets.xcassets */ = {isa = PBXFileReference; lastKnownFileType = folder.assetcatalog; path = Assets.xcassets; sourceTree = "<group>"; };
		A6FDDF03200808FF00F7EFDD /* Base */ = {isa = PBXFileReference; lastKnownFileType = file.storyboard; name = Base; path = Base.lproj/LaunchScreen.storyboard; sourceTree = "<group>"; };
		A6FDDF05200808FF00F7EFDD /* Info.plist */ = {isa = PBXFileReference; lastKnownFileType = text.plist.xml; path = Info.plist; sourceTree = "<group>"; };
/* End PBXFileReference section */

/* Begin PBXFrameworksBuildPhase section */
		A6FDDEF3200808FF00F7EFDD /* Frameworks */ = {
			isa = PBXFrameworksBuildPhase;
			buildActionMask = 2147483647;
			files = (
			);
			runOnlyForDeploymentPostprocessing = 0;
		};
/* End PBXFrameworksBuildPhase section */

/* Begin PBXGroup section */
		A6FDDEED200808FF00F7EFDD = {
			isa = PBXGroup;
			children = (
				A6FDDEF8200808FF00F7EFDD /* map-town */,
				A6FDDEF7200808FF00F7EFDD /* Products */,
			);
			sourceTree = "<group>";
		};
		A6FDDEF7200808FF00F7EFDD /* Products */ = {
			isa = PBXGroup;
			children = (
				A6FDDEF6200808FF00F7EFDD /* map-town.app */,
			);
			name = Products;
			sourceTree = "<group>";
		};
		A6FDDEF8200808FF00F7EFDD /* map-town */ = {
			isa = PBXGroup;
			children = (
				A6FDDEF9200808FF00F7EFDD /* AppDelegate.swift */,
				A6FDDEFB200808FF00F7EFDD /* ViewController.swift */,
				A6FDDEFD200808FF00F7EFDD /* Main.storyboard */,
				A6FDDF00200808FF00F7EFDD /* Assets.xcassets */,
				A6FDDF02200808FF00F7EFDD /* LaunchScreen.storyboard */,
				A6FDDF05200808FF00F7EFDD /* Info.plist */,
			);
			path = "map-town";
			sourceTree = "<group>";
		};
/* End PBXGroup section */

/* Begin PBXNativeTarget section */
		A6FDDEF5200808FF00F7EFDD /* map-town */ = {
			isa = PBXNativeTarget;
			buildConfigurationList = A6FDDF08200808FF00F7EFDD /* Build configuration list for PBXNativeTarget "map-town" */;
			buildPhases = (
				A6FDDEF2200808FF00F7EFDD /* Sources */,
				A6FDDEF3200808FF00F7EFDD /* Frameworks */,
				A6FDDEF4200808FF00F7EFDD /* Resources */,
			);
			buildRules = (
			);
			dependencies = (
			);
			name = "map-town";
			productName = "map-town";
			productReference = A6FDDEF6200808FF00F7EFDD /* map-town.app */;
			productType = "com.apple.product-type.application";
		};
/* End PBXNativeTarget section */

/* Begin PBXProject section */
		A6FDDEEE200808FF00F7EFDD /* Project object */ = {
			isa = PBXProject;
			attributes = {
				LastSwiftUpdateCheck = 0920;
				LastUpgradeCheck = 0920;
				ORGANIZATIONNAME = Ervin;
				TargetAttributes = {
					A6FDDEF5200808FF00F7EFDD = {
						CreatedOnToolsVersion = 9.2;
						ProvisioningStyle = Automatic;
					};
				};
			};
			buildConfigurationList = A6FDDEF1200808FF00F7EFDD /* Build configuration list for PBXProject "map-town" */;
			compatibilityVersion = "Xcode 8.0";
			developmentRegion = en;
			hasScannedForEncodings = 0;
			knownRegions = (
				en,
				Base,
			);
			mainGroup = A6FDDEED200808FF00F7EFDD;
			productRefGroup = A6FDDEF7200808FF00F7EFDD /* Products */;
			projectDirPath = "";
			projectRoot = "";
			targets = (
				A6FDDEF5200808FF00F7EFDD /* map-town */,
			);
		};
/* End PBXProject section */

/* Begin PBXResourcesBuildPhase section */
		A6FDDEF4200808FF00F7EFDD /* Resources */ = {
			isa = PBXResourcesBuildPhase;
			buildActionMask = 2147483647;
			files = (
				A6FDDF04200808FF00F7EFDD /* LaunchScreen.storyboard in Resources */,
				A6FDDF01200808FF00F7EFDD /* Assets.xcassets in Resources */,
				A6FDDEFF200808FF00F7EFDD /* Main.storyboard in Resources */,
			);
			runOnlyForDeploymentPostprocessing = 0;
		};
/* End PBXResourcesBuildPhase section */

/* Begin PBXSourcesBuildPhase section */
		A6FDDEF2200808FF00F7EFDD /* Sources */ = {
			isa = PBXSourcesBuildPhase;
			buildActionMask = 2147483647;
			files = (
				A6FDDEFC200808FF00F7EFDD /* ViewController.swift in Sources */,
				A6FDDEFA200808FF00F7EFDD /* AppDelegate.swift in Sources */,
			);
			runOnlyForDeploymentPostprocessing = 0;
		};
/* End PBXSourcesBuildPhase section */

/* Begin PBXVariantGroup section */
		A6FDDEFD200808FF00F7EFDD /* Main.storyboard */ = {
			isa = PBXVariantGroup;
			children = (
				A6FDDEFE200808FF00F7EFDD /* Base */,
			);
			name = Main.storyboard;
			sourceTree = "<group>";
		};
		A6FDDF02200808FF00F7EFDD /* LaunchScreen.storyboard */ = {
			isa = PBXVariantGroup;
			children = (
				A6FDDF03200808FF00F7EFDD /* Base */,
			);
			name = LaunchScreen.storyboard;
			sourceTree = "<group>";
		};
/* End PBXVariantGroup section */

/* Begin XCBuildConfiguration section */
		A6FDDF06200808FF00F7EFDD /* Debug */ = {
			isa = XCBuildConfiguration;
			buildSettings = {
				ALWAYS_SEARCH_USER_PATHS = NO;
				CLANG_ANALYZER_NONNULL = YES;
				CLANG_ANALYZER_NUMBER_OBJECT_CONVERSION = YES_AGGRESSIVE;
				CLANG_CXX_LANGUAGE_STANDARD = "gnu++14";
				CLANG_CXX_LIBRARY = "libc++";
				CLANG_ENABLE_MODULES = YES;
				CLANG_ENABLE_OBJC_ARC = YES;
				CLANG_WARN_BLOCK_CAPTURE_AUTORELEASING = YES;
				CLANG_WARN_BOOL_CONVERSION = YES;
				CLANG_WARN_COMMA = YES;
				CLANG_WARN_CONSTANT_CONVERSION = YES;
				CLANG_WARN_DIRECT_OBJC_ISA_USAGE = YES_ERROR;
				CLANG_WARN_DOCUMENTATION_COMMENTS = YES;
				CLANG_WARN_EMPTY_BODY = YES;
				CLANG_WARN_ENUM_CONVERSION = YES;
				CLANG_WARN_INFINITE_RECURSION = YES;
				CLANG_WARN_INT_CONVERSION = YES;
				CLANG_WARN_NON_LITERAL_NULL_CONVERSION = YES;
				CLANG_WARN_OBJC_LITERAL_CONVERSION = YES;
				CLANG_WARN_OBJC_ROOT_CLASS = YES_ERROR;
				CLANG_WARN_RANGE_LOOP_ANALYSIS = YES;
				CLANG_WARN_STRICT_PROTOTYPES = YES;
				CLANG_WARN_SUSPICIOUS_MOVE = YES;
				CLANG_WARN_UNGUARDED_AVAILABILITY = YES_AGGRESSIVE;
				CLANG_WARN_UNREACHABLE_CODE = YES;
				CLANG_WARN__DUPLICATE_METHOD_MATCH = YES;
				CODE_SIGN_IDENTITY = "iPhone Developer";
				COPY_PHASE_STRIP = NO;
				DEBUG_INFORMATION_FORMAT = dwarf;
				ENABLE_STRICT_OBJC_MSGSEND = YES;
				ENABLE_TESTABILITY = YES;
				GCC_C_LANGUAGE_STANDARD = gnu11;
				GCC_DYNAMIC_NO_PIC = NO;
				GCC_NO_COMMON_BLOCKS = YES;
				GCC_OPTIMIZATION_LEVEL = 0;
				GCC_PREPROCESSOR_DEFINITIONS = (
					"DEBUG=1",
					"$(inherited)",
				);
				GCC_WARN_64_TO_32_BIT_CONVERSION = YES;
				GCC_WARN_ABOUT_RETURN_TYPE = YES_ERROR;
				GCC_WARN_UNDECLARED_SELECTOR = YES;
				GCC_WARN_UNINITIALIZED_AUTOS = YES_AGGRESSIVE;
				GCC_WARN_UNUSED_FUNCTION = YES;
				GCC_WARN_UNUSED_VARIABLE = YES;
				IPHONEOS_DEPLOYMENT_TARGET = 11.2;
				MTL_ENABLE_DEBUG_INFO = YES;
				ONLY_ACTIVE_ARCH = YES;
				SDKROOT = iphoneos;
				SWIFT_ACTIVE_COMPILATION_CONDITIONS = DEBUG;
				SWIFT_OPTIMIZATION_LEVEL = "-Onone";
			};
			name = Debug;
		};
		A6FDDF07200808FF00F7EFDD /* Release */ = {
			isa = XCBuildConfiguration;
			buildSettings = {
				ALWAYS_SEARCH_USER_PATHS = NO;
				CLANG_ANALYZER_NONNULL = YES;
				CLANG_ANALYZER_NUMBER_OBJECT_CONVERSION = YES_AGGRESSIVE;
				CLANG_CXX_LANGUAGE_STANDARD = "gnu++14";
				CLANG_CXX_LIBRARY = "libc++";
				CLANG_ENABLE_MODULES = YES;
				CLANG_ENABLE_OBJC_ARC = YES;
				CLANG_WARN_BLOCK_CAPTURE_AUTORELEASING = YES;
				CLANG_WARN_BOOL_CONVERSION = YES;
				CLANG_WARN_COMMA = YES;
				CLANG_WARN_CONSTANT_CONVERSION = YES;
				CLANG_WARN_DIRECT_OBJC_ISA_USAGE = YES_ERROR;
				CLANG_WARN_DOCUMENTATION_COMMENTS = YES;
				CLANG_WARN_EMPTY_BODY = YES;
				CLANG_WARN_ENUM_CONVERSION = YES;
				CLANG_WARN_INFINITE_RECURSION = YES;
				CLANG_WARN_INT_CONVERSION = YES;
				CLANG_WARN_NON_LITERAL_NULL_CONVERSION = YES;
				CLANG_WARN_OBJC_LITERAL_CONVERSION = YES;
				CLANG_WARN_OBJC_ROOT_CLASS = YES_ERROR;
				CLANG_WARN_RANGE_LOOP_ANALYSIS = YES;
				CLANG_WARN_STRICT_PROTOTYPES = YES;
				CLANG_WARN_SUSPICIOUS_MOVE = YES;
				CLANG_WARN_UNGUARDED_AVAILABILITY = YES_AGGRESSIVE;
				CLANG_WARN_UNREACHABLE_CODE = YES;
				CLANG_WARN__DUPLICATE_METHOD_MATCH = YES;
				CODE_SIGN_IDENTITY = "iPhone Developer";
				COPY_PHASE_STRIP = NO;
				DEBUG_INFORMATION_FORMAT = "dwarf-with-dsym";
				ENABLE_NS_ASSERTIONS = NO;
				ENABLE_STRICT_OBJC_MSGSEND = YES;
				GCC_C_LANGUAGE_STANDARD = gnu11;
				GCC_NO_COMMON_BLOCKS = YES;
				GCC_WARN_64_TO_32_BIT_CONVERSION = YES;
				GCC_WARN_ABOUT_RETURN_TYPE = YES_ERROR;
				GCC_WARN_UNDECLARED_SELECTOR = YES;
				GCC_WARN_UNINITIALIZED_AUTOS = YES_AGGRESSIVE;
				GCC_WARN_UNUSED_FUNCTION = YES;
				GCC_WARN_UNUSED_VARIABLE = YES;
				IPHONEOS_DEPLOYMENT_TARGET = 11.2;
				MTL_ENABLE_DEBUG_INFO = NO;
				SDKROOT = iphoneos;
				SWIFT_OPTIMIZATION_LEVEL = "-Owholemodule";
				VALIDATE_PRODUCT = YES;
			};
			name = Release;
		};
		A6FDDF09200808FF00F7EFDD /* Debug */ = {
			isa = XCBuildConfiguration;
			buildSettings = {
				ASSETCATALOG_COMPILER_APPICON_NAME = AppIcon;
				CODE_SIGN_STYLE = Automatic;
				DEVELOPMENT_TEAM = 2AN56XY8NA;
				INFOPLIST_FILE = "map-town/Info.plist";
				LD_RUNPATH_SEARCH_PATHS = "$(inherited) @executable_path/Frameworks";
				PRODUCT_BUNDLE_IDENTIFIER = "com.ervinpepic.map-town";
				PRODUCT_NAME = "$(TARGET_NAME)";
				SWIFT_VERSION = 4.0;
				TARGETED_DEVICE_FAMILY = "1,2";
			};
			name = Debug;
		};
		A6FDDF0A200808FF00F7EFDD /* Release */ = {
			isa = XCBuildConfiguration;
			buildSettings = {
				ASSETCATALOG_COMPILER_APPICON_NAME = AppIcon;
				CODE_SIGN_STYLE = Automatic;
				DEVELOPMENT_TEAM = 2AN56XY8NA;
				INFOPLIST_FILE = "map-town/Info.plist";
				LD_RUNPATH_SEARCH_PATHS = "$(inherited) @executable_path/Frameworks";
				PRODUCT_BUNDLE_IDENTIFIER = "com.ervinpepic.map-town";
				PRODUCT_NAME = "$(TARGET_NAME)";
				SWIFT_VERSION = 4.0;
				TARGETED_DEVICE_FAMILY = "1,2";
			};
			name = Release;
		};
/* End XCBuildConfiguration section */

/* Begin XCConfigurationList section */
		A6FDDEF1200808FF00F7EFDD /* Build configuration list for PBXProject "map-town" */ = {
			isa = XCConfigurationList;
			buildConfigurations = (
				A6FDDF06200808FF00F7EFDD /* Debug */,
				A6FDDF07200808FF00F7EFDD /* Release */,
			);
			defaultConfigurationIsVisible = 0;
			defaultConfigurationName = Release;
		};
		A6FDDF08200808FF00F7EFDD /* Build configuration list for PBXNativeTarget "map-town" */ = {
			isa = XCConfigurationList;
			buildConfigurations = (
				A6FDDF09200808FF00F7EFDD /* Debug */,
				A6FDDF0A200808FF00F7EFDD /* Release */,
			);
			defaultConfigurationIsVisible = 0;
			defaultConfigurationName = Release;
		};
/* End XCConfigurationList section */
	};
	rootObject = A6FDDEEE200808FF00F7EFDD /* Project object */;
}
